
Microsoft Visual Studio Solution File, Format Version 12.00
# Visual Studio Version 17
VisualStudioVersion = 17.10.35013.160
MinimumVisualStudioVersion = 10.0.40219.1
Project("{FAE04EC0-301F-11D3-BF4B-00C04F79EFBC}") = "NumericLibrary", "NumericLibrary\NumericLibrary.csproj", "{D6BD5106-4943-4B25-8D0A-739D03C924C8}"
EndProject
Project("{FAE04EC0-301F-11D3-BF4B-00C04F79EFBC}") = "TestProject", "TestProject\TestProject.csproj", "{7FD5CDFE-8BBF-46DC-8730-4FFAD01EA37B}"
EndProject
Global
	GlobalSection(SolutionConfigurationPlatforms) = preSolution
		Debug|Any CPU = Debug|Any CPU
		Release|Any CPU = Release|Any CPU
	EndGlobalSection
	GlobalSection(ProjectConfigurationPlatforms) = postSolution
		{D6BD5106-4943-4B25-8D0A-739D03C924C8}.Debug|Any CPU.ActiveCfg = Debug|Any CPU
		{D6BD5106-4943-4B25-8D0A-739D03C924C8}.Debug|Any CPU.Build.0 = Debug|Any CPU
		{D6BD5106-4943-4B25-8D0A-739D03C924C8}.Release|Any CPU.ActiveCfg = Release|Any CPU
		{D6BD5106-4943-4B25-8D0A-739D03C924C8}.Release|Any CPU.Build.0 = Release|Any CPU
		{7FD5CDFE-8BBF-46DC-8730-4FFAD01EA37B}.Debug|Any CPU.ActiveCfg = Debug|Any CPU
		{7FD5CDFE-8BBF-46DC-8730-4FFAD01EA37B}.Debug|Any CPU.Build.0 = Debug|Any CPU
		{7FD5CDFE-8BBF-46DC-8730-4FFAD01EA37B}.Release|Any CPU.ActiveCfg = Release|Any CPU
		{7FD5CDFE-8BBF-46DC-8730-4FFAD01EA37B}.Release|Any CPU.Build.0 = Release|Any CPU
	EndGlobalSection
	GlobalSection(SolutionProperties) = preSolution
		HideSolutionNode = FALSE
	EndGlobalSection
	GlobalSection(ExtensibilityGlobals) = postSolution
		SolutionGuid = {83C31921-D1C9-4DC4-A15D-A8BF2E02F1AB}
	EndGlobalSection
EndGlobal
